// !$*UTF8*$!
{
	archiveVersion = 1;
	classes = {
	};
	objectVersion = 50;
	objects = {

/* Begin PBXBuildFile section */
		9852FB1220DB34B30098F073 /* AppDelegate.swift in Sources */ = {isa = PBXBuildFile; fileRef = 9852FB1120DB34B30098F073 /* AppDelegate.swift */; };
		9852FB1420DB34B30098F073 /* ViewController.swift in Sources */ = {isa = PBXBuildFile; fileRef = 9852FB1320DB34B30098F073 /* ViewController.swift */; };
		9852FB1720DB34B30098F073 /* Main.storyboard in Resources */ = {isa = PBXBuildFile; fileRef = 9852FB1520DB34B30098F073 /* Main.storyboard */; };
		9852FB1920DB34B40098F073 /* Assets.xcassets in Resources */ = {isa = PBXBuildFile; fileRef = 9852FB1820DB34B40098F073 /* Assets.xcassets */; };
		9852FB1C20DB34B40098F073 /* LaunchScreen.storyboard in Resources */ = {isa = PBXBuildFile; fileRef = 9852FB1A20DB34B40098F073 /* LaunchScreen.storyboard */; };
		9852FB2720DB34B40098F073 /* gameOfLifeTests.swift in Sources */ = {isa = PBXBuildFile; fileRef = 9852FB2620DB34B40098F073 /* gameOfLifeTests.swift */; };
		9852FB3220DB34B50098F073 /* gameOfLifeUITests.swift in Sources */ = {isa = PBXBuildFile; fileRef = 9852FB3120DB34B50098F073 /* gameOfLifeUITests.swift */; };
		9852FB4020DB34DC0098F073 /* Cell.swift in Sources */ = {isa = PBXBuildFile; fileRef = 9852FB3F20DB34DC0098F073 /* Cell.swift */; };
/* End PBXBuildFile section */

/* Begin PBXContainerItemProxy section */
		9852FB2320DB34B40098F073 /* PBXContainerItemProxy */ = {
			isa = PBXContainerItemProxy;
			containerPortal = 9852FB0620DB34B30098F073 /* Project object */;
			proxyType = 1;
			remoteGlobalIDString = 9852FB0D20DB34B30098F073;
			remoteInfo = gameOfLife;
		};
		9852FB2E20DB34B50098F073 /* PBXContainerItemProxy */ = {
			isa = PBXContainerItemProxy;
			containerPortal = 9852FB0620DB34B30098F073 /* Project object */;
			proxyType = 1;
			remoteGlobalIDString = 9852FB0D20DB34B30098F073;
			remoteInfo = gameOfLife;
		};
/* End PBXContainerItemProxy section */

/* Begin PBXFileReference section */
		9852FB0E20DB34B30098F073 /* gameOfLife.app */ = {isa = PBXFileReference; explicitFileType = wrapper.application; includeInIndex = 0; path = gameOfLife.app; sourceTree = BUILT_PRODUCTS_DIR; };
		9852FB1120DB34B30098F073 /* AppDelegate.swift */ = {isa = PBXFileReference; lastKnownFileType = sourcecode.swift; path = AppDelegate.swift; sourceTree = "<group>"; };
		9852FB1320DB34B30098F073 /* ViewController.swift */ = {isa = PBXFileReference; lastKnownFileType = sourcecode.swift; path = ViewController.swift; sourceTree = "<group>"; };
		9852FB1620DB34B30098F073 /* Base */ = {isa = PBXFileReference; lastKnownFileType = file.storyboard; name = Base; path = Base.lproj/Main.storyboard; sourceTree = "<group>"; };
		9852FB1820DB34B40098F073 /* Assets.xcassets */ = {isa = PBXFileReference; lastKnownFileType = folder.assetcatalog; path = Assets.xcassets; sourceTree = "<group>"; };
		9852FB1B20DB34B40098F073 /* Base */ = {isa = PBXFileReference; lastKnownFileType = file.storyboard; name = Base; path = Base.lproj/LaunchScreen.storyboard; sourceTree = "<group>"; };
		9852FB1D20DB34B40098F073 /* Info.plist */ = {isa = PBXFileReference; lastKnownFileType = text.plist.xml; path = Info.plist; sourceTree = "<group>"; };
		9852FB2220DB34B40098F073 /* gameOfLifeTests.xctest */ = {isa = PBXFileReference; explicitFileType = wrapper.cfbundle; includeInIndex = 0; path = gameOfLifeTests.xctest; sourceTree = BUILT_PRODUCTS_DIR; };
		9852FB2620DB34B40098F073 /* gameOfLifeTests.swift */ = {isa = PBXFileReference; lastKnownFileType = sourcecode.swift; path = gameOfLifeTests.swift; sourceTree = "<group>"; };
		9852FB2820DB34B40098F073 /* Info.plist */ = {isa = PBXFileReference; lastKnownFileType = text.plist.xml; path = Info.plist; sourceTree = "<group>"; };
		9852FB2D20DB34B50098F073 /* gameOfLifeUITests.xctest */ = {isa = PBXFileReference; explicitFileType = wrapper.cfbundle; includeInIndex = 0; path = gameOfLifeUITests.xctest; sourceTree = BUILT_PRODUCTS_DIR; };
		9852FB3120DB34B50098F073 /* gameOfLifeUITests.swift */ = {isa = PBXFileReference; lastKnownFileType = sourcecode.swift; path = gameOfLifeUITests.swift; sourceTree = "<group>"; };
		9852FB3320DB34B50098F073 /* Info.plist */ = {isa = PBXFileReference; lastKnownFileType = text.plist.xml; path = Info.plist; sourceTree = "<group>"; };
		9852FB3F20DB34DC0098F073 /* Cell.swift */ = {isa = PBXFileReference; lastKnownFileType = sourcecode.swift; path = Cell.swift; sourceTree = "<group>"; };
/* End PBXFileReference section */

/* Begin PBXFrameworksBuildPhase section */
		9852FB0B20DB34B30098F073 /* Frameworks */ = {
			isa = PBXFrameworksBuildPhase;
			buildActionMask = 2147483647;
			files = (
			);
			runOnlyForDeploymentPostprocessing = 0;
		};
		9852FB1F20DB34B40098F073 /* Frameworks */ = {
			isa = PBXFrameworksBuildPhase;
			buildActionMask = 2147483647;
			files = (
			);
			runOnlyForDeploymentPostprocessing = 0;
		};
		9852FB2A20DB34B50098F073 /* Frameworks */ = {
			isa = PBXFrameworksBuildPhase;
			buildActionMask = 2147483647;
			files = (
			);
			runOnlyForDeploymentPostprocessing = 0;
		};
/* End PBXFrameworksBuildPhase section */

/* Begin PBXGroup section */
		9852FB0520DB34B30098F073 = {
			isa = PBXGroup;
			children = (
				9852FB1020DB34B30098F073 /* gameOfLife */,
				9852FB2520DB34B40098F073 /* gameOfLifeTests */,
				9852FB3020DB34B50098F073 /* gameOfLifeUITests */,
				9852FB0F20DB34B30098F073 /* Products */,
			);
			sourceTree = "<group>";
		};
		9852FB0F20DB34B30098F073 /* Products */ = {
			isa = PBXGroup;
			children = (
				9852FB0E20DB34B30098F073 /* gameOfLife.app */,
				9852FB2220DB34B40098F073 /* gameOfLifeTests.xctest */,
				9852FB2D20DB34B50098F073 /* gameOfLifeUITests.xctest */,
			);
			name = Products;
			sourceTree = "<group>";
		};
		9852FB1020DB34B30098F073 /* gameOfLife */ = {
			isa = PBXGroup;
			children = (
				9852FB1120DB34B30098F073 /* AppDelegate.swift */,
				9852FB1320DB34B30098F073 /* ViewController.swift */,
				9852FB3F20DB34DC0098F073 /* Cell.swift */,
				9852FB1520DB34B30098F073 /* Main.storyboard */,
				9852FB1820DB34B40098F073 /* Assets.xcassets */,
				9852FB1A20DB34B40098F073 /* LaunchScreen.storyboard */,
				9852FB1D20DB34B40098F073 /* Info.plist */,
			);
			path = gameOfLife;
			sourceTree = "<group>";
		};
		9852FB2520DB34B40098F073 /* gameOfLifeTests */ = {
			isa = PBXGroup;
			children = (
				9852FB2620DB34B40098F073 /* gameOfLifeTests.swift */,
				9852FB2820DB34B40098F073 /* Info.plist */,
			);
			path = gameOfLifeTests;
			sourceTree = "<group>";
		};
		9852FB3020DB34B50098F073 /* gameOfLifeUITests */ = {
			isa = PBXGroup;
			children = (
				9852FB3120DB34B50098F073 /* gameOfLifeUITests.swift */,
				9852FB3320DB34B50098F073 /* Info.plist */,
			);
			path = gameOfLifeUITests;
			sourceTree = "<group>";
		};
/* End PBXGroup section */

/* Begin PBXNativeTarget section */
		9852FB0D20DB34B30098F073 /* gameOfLife */ = {
			isa = PBXNativeTarget;
			buildConfigurationList = 9852FB3620DB34B50098F073 /* Build configuration list for PBXNativeTarget "gameOfLife" */;
			buildPhases = (
				9852FB0A20DB34B30098F073 /* Sources */,
				9852FB0B20DB34B30098F073 /* Frameworks */,
				9852FB0C20DB34B30098F073 /* Resources */,
			);
			buildRules = (
			);
			dependencies = (
			);
			name = gameOfLife;
			productName = gameOfLife;
			productReference = 9852FB0E20DB34B30098F073 /* gameOfLife.app */;
			productType = "com.apple.product-type.application";
		};
		9852FB2120DB34B40098F073 /* gameOfLifeTests */ = {
			isa = PBXNativeTarget;
			buildConfigurationList = 9852FB3920DB34B50098F073 /* Build configuration list for PBXNativeTarget "gameOfLifeTests" */;
			buildPhases = (
				9852FB1E20DB34B40098F073 /* Sources */,
				9852FB1F20DB34B40098F073 /* Frameworks */,
				9852FB2020DB34B40098F073 /* Resources */,
			);
			buildRules = (
			);
			dependencies = (
				9852FB2420DB34B40098F073 /* PBXTargetDependency */,
			);
			name = gameOfLifeTests;
			productName = gameOfLifeTests;
			productReference = 9852FB2220DB34B40098F073 /* gameOfLifeTests.xctest */;
			productType = "com.apple.product-type.bundle.unit-test";
		};
		9852FB2C20DB34B50098F073 /* gameOfLifeUITests */ = {
			isa = PBXNativeTarget;
			buildConfigurationList = 9852FB3C20DB34B50098F073 /* Build configuration list for PBXNativeTarget "gameOfLifeUITests" */;
			buildPhases = (
				9852FB2920DB34B50098F073 /* Sources */,
				9852FB2A20DB34B50098F073 /* Frameworks */,
				9852FB2B20DB34B50098F073 /* Resources */,
			);
			buildRules = (
			);
			dependencies = (
				9852FB2F20DB34B50098F073 /* PBXTargetDependency */,
			);
			name = gameOfLifeUITests;
			productName = gameOfLifeUITests;
			productReference = 9852FB2D20DB34B50098F073 /* gameOfLifeUITests.xctest */;
			productType = "com.apple.product-type.bundle.ui-testing";
		};
/* End PBXNativeTarget section */

/* Begin PBXProject section */
		9852FB0620DB34B30098F073 /* Project object */ = {
			isa = PBXProject;
			attributes = {
				LastSwiftUpdateCheck = 0940;
				LastUpgradeCheck = 0940;
				ORGANIZATIONNAME = jacobpashman;
				TargetAttributes = {
					9852FB0D20DB34B30098F073 = {
						CreatedOnToolsVersion = 9.4.1;
					};
					9852FB2120DB34B40098F073 = {
						CreatedOnToolsVersion = 9.4.1;
						TestTargetID = 9852FB0D20DB34B30098F073;
					};
					9852FB2C20DB34B50098F073 = {
						CreatedOnToolsVersion = 9.4.1;
						TestTargetID = 9852FB0D20DB34B30098F073;
					};
				};
			};
			buildConfigurationList = 9852FB0920DB34B30098F073 /* Build configuration list for PBXProject "gameOfLife" */;
			compatibilityVersion = "Xcode 9.3";
			developmentRegion = en;
			hasScannedForEncodings = 0;
			knownRegions = (
				en,
				Base,
			);
			mainGroup = 9852FB0520DB34B30098F073;
			productRefGroup = 9852FB0F20DB34B30098F073 /* Products */;
			projectDirPath = "";
			projectRoot = "";
			targets = (
				9852FB0D20DB34B30098F073 /* gameOfLife */,
				9852FB2120DB34B40098F073 /* gameOfLifeTests */,
				9852FB2C20DB34B50098F073 /* gameOfLifeUITests */,
			);
		};
/* End PBXProject section */

/* Begin PBXResourcesBuildPhase section */
		9852FB0C20DB34B30098F073 /* Resources */ = {
			isa = PBXResourcesBuildPhase;
			buildActionMask = 2147483647;
			files = (
				9852FB1C20DB34B40098F073 /* LaunchScreen.storyboard in Resources */,
				9852FB1920DB34B40098F073 /* Assets.xcassets in Resources */,
				9852FB1720DB34B30098F073 /* Main.storyboard in Resources */,
			);
			runOnlyForDeploymentPostprocessing = 0;
		};
		9852FB2020DB34B40098F073 /* Resources */ = {
			isa = PBXResourcesBuildPhase;
			buildActionMask = 2147483647;
			files = (
			);
			runOnlyForDeploymentPostprocessing = 0;
		};
		9852FB2B20DB34B50098F073 /* Resources */ = {
			isa = PBXResourcesBuildPhase;
			buildActionMask = 2147483647;
			files = (
			);
			runOnlyForDeploymentPostprocessing = 0;
		};
/* End PBXResourcesBuildPhase section */

/* Begin PBXSourcesBuildPhase section */
		9852FB0A20DB34B30098F073 /* Sources */ = {
			isa = PBXSourcesBuildPhase;
			buildActionMask = 2147483647;
			files = (
				9852FB1420DB34B30098F073 /* ViewController.swift in Sources */,
				9852FB1220DB34B30098F073 /* AppDelegate.swift in Sources */,
				9852FB4020DB34DC0098F073 /* Cell.swift in Sources */,
			);
			runOnlyForDeploymentPostprocessing = 0;
		};
		9852FB1E20DB34B40098F073 /* Sources */ = {
			isa = PBXSourcesBuildPhase;
			buildActionMask = 2147483647;
			files = (
				9852FB2720DB34B40098F073 /* gameOfLifeTests.swift in Sources */,
			);
			runOnlyForDeploymentPostprocessing = 0;
		};
		9852FB2920DB34B50098F073 /* Sources */ = {
			isa = PBXSourcesBuildPhase;
			buildActionMask = 2147483647;
			files = (
				9852FB3220DB34B50098F073 /* gameOfLifeUITests.swift in Sources */,
			);
			runOnlyForDeploymentPostprocessing = 0;
		};
/* End PBXSourcesBuildPhase section */

/* Begin PBXTargetDependency section */
		9852FB2420DB34B40098F073 /* PBXTargetDependency */ = {
			isa = PBXTargetDependency;
			target = 9852FB0D20DB34B30098F073 /* gameOfLife */;
			targetProxy = 9852FB2320DB34B40098F073 /* PBXContainerItemProxy */;
		};
		9852FB2F20DB34B50098F073 /* PBXTargetDependency */ = {
			isa = PBXTargetDependency;
			target = 9852FB0D20DB34B30098F073 /* gameOfLife */;
			targetProxy = 9852FB2E20DB34B50098F073 /* PBXContainerItemProxy */;
		};
/* End PBXTargetDependency section */

/* Begin PBXVariantGroup section */
		9852FB1520DB34B30098F073 /* Main.storyboard */ = {
			isa = PBXVariantGroup;
			children = (
				9852FB1620DB34B30098F073 /* Base */,
			);
			name = Main.storyboard;
			sourceTree = "<group>";
		};
		9852FB1A20DB34B40098F073 /* LaunchScreen.storyboard */ = {
			isa = PBXVariantGroup;
			children = (
				9852FB1B20DB34B40098F073 /* Base */,
			);
			name = LaunchScreen.storyboard;
			sourceTree = "<group>";
		};
/* End PBXVariantGroup section */

/* Begin XCBuildConfiguration section */
		9852FB3420DB34B50098F073 /* Debug */ = {
			isa = XCBuildConfiguration;
			buildSettings = {
				ALWAYS_SEARCH_USER_PATHS = NO;
				CLANG_ANALYZER_NONNULL = YES;
				CLANG_ANALYZER_NUMBER_OBJECT_CONVERSION = YES_AGGRESSIVE;
				CLANG_CXX_LANGUAGE_STANDARD = "gnu++14";
				CLANG_CXX_LIBRARY = "libc++";
				CLANG_ENABLE_MODULES = YES;
				CLANG_ENABLE_OBJC_ARC = YES;
				CLANG_ENABLE_OBJC_WEAK = YES;
				CLANG_WARN_BLOCK_CAPTURE_AUTORELEASING = YES;
				CLANG_WARN_BOOL_CONVERSION = YES;
				CLANG_WARN_COMMA = YES;
				CLANG_WARN_CONSTANT_CONVERSION = YES;
				CLANG_WARN_DEPRECATED_OBJC_IMPLEMENTATIONS = YES;
				CLANG_WARN_DIRECT_OBJC_ISA_USAGE = YES_ERROR;
				CLANG_WARN_DOCUMENTATION_COMMENTS = YES;
				CLANG_WARN_EMPTY_BODY = YES;
				CLANG_WARN_ENUM_CONVERSION = YES;
				CLANG_WARN_INFINITE_RECURSION = YES;
				CLANG_WARN_INT_CONVERSION = YES;
				CLANG_WARN_NON_LITERAL_NULL_CONVERSION = YES;
				CLANG_WARN_OBJC_IMPLICIT_RETAIN_SELF = YES;
				CLANG_WARN_OBJC_LITERAL_CONVERSION = YES;
				CLANG_WARN_OBJC_ROOT_CLASS = YES_ERROR;
				CLANG_WARN_RANGE_LOOP_ANALYSIS = YES;
				CLANG_WARN_STRICT_PROTOTYPES = YES;
				CLANG_WARN_SUSPICIOUS_MOVE = YES;
				CLANG_WARN_UNGUARDED_AVAILABILITY = YES_AGGRESSIVE;
				CLANG_WARN_UNREACHABLE_CODE = YES;
				CLANG_WARN__DUPLICATE_METHOD_MATCH = YES;
				CODE_SIGN_IDENTITY = "iPhone Developer";
				COPY_PHASE_STRIP = NO;
				DEBUG_INFORMATION_FORMAT = dwarf;
				ENABLE_STRICT_OBJC_MSGSEND = YES;
				ENABLE_TESTABILITY = YES;
				GCC_C_LANGUAGE_STANDARD = gnu11;
				GCC_DYNAMIC_NO_PIC = NO;
				GCC_NO_COMMON_BLOCKS = YES;
				GCC_OPTIMIZATION_LEVEL = 0;
				GCC_PREPROCESSOR_DEFINITIONS = (
					"DEBUG=1",
					"$(inherited)",
				);
				GCC_WARN_64_TO_32_BIT_CONVERSION = YES;
				GCC_WARN_ABOUT_RETURN_TYPE = YES_ERROR;
				GCC_WARN_UNDECLARED_SELECTOR = YES;
				GCC_WARN_UNINITIALIZED_AUTOS = YES_AGGRESSIVE;
				GCC_WARN_UNUSED_FUNCTION = YES;
				GCC_WARN_UNUSED_VARIABLE = YES;
				IPHONEOS_DEPLOYMENT_TARGET = 11.4;
				MTL_ENABLE_DEBUG_INFO = YES;
				ONLY_ACTIVE_ARCH = YES;
				SDKROOT = iphoneos;
				SWIFT_ACTIVE_COMPILATION_CONDITIONS = DEBUG;
				SWIFT_OPTIMIZATION_LEVEL = "-Onone";
			};
			name = Debug;
		};
		9852FB3520DB34B50098F073 /* Release */ = {
			isa = XCBuildConfiguration;
			buildSettings = {
				ALWAYS_SEARCH_USER_PATHS = NO;
				CLANG_ANALYZER_NONNULL = YES;
				CLANG_ANALYZER_NUMBER_OBJECT_CONVERSION = YES_AGGRESSIVE;
				CLANG_CXX_LANGUAGE_STANDARD = "gnu++14";
				CLANG_CXX_LIBRARY = "libc++";
				CLANG_ENABLE_MODULES = YES;
				CLANG_ENABLE_OBJC_ARC = YES;
				CLANG_ENABLE_OBJC_WEAK = YES;
				CLANG_WARN_BLOCK_CAPTURE_AUTORELEASING = YES;
				CLANG_WARN_BOOL_CONVERSION = YES;
				CLANG_WARN_COMMA = YES;
				CLANG_WARN_CONSTANT_CONVERSION = YES;
				CLANG_WARN_DEPRECATED_OBJC_IMPLEMENTATIONS = YES;
				CLANG_WARN_DIRECT_OBJC_ISA_USAGE = YES_ERROR;
				CLANG_WARN_DOCUMENTATION_COMMENTS = YES;
				CLANG_WARN_EMPTY_BODY = YES;
				CLANG_WARN_ENUM_CONVERSION = YES;
				CLANG_WARN_INFINITE_RECURSION = YES;
				CLANG_WARN_INT_CONVERSION = YES;
				CLANG_WARN_NON_LITERAL_NULL_CONVERSION = YES;
				CLANG_WARN_OBJC_IMPLICIT_RETAIN_SELF = YES;
				CLANG_WARN_OBJC_LITERAL_CONVERSION = YES;
				CLANG_WARN_OBJC_ROOT_CLASS = YES_ERROR;
				CLANG_WARN_RANGE_LOOP_ANALYSIS = YES;
				CLANG_WARN_STRICT_PROTOTYPES = YES;
				CLANG_WARN_SUSPICIOUS_MOVE = YES;
				CLANG_WARN_UNGUARDED_AVAILABILITY = YES_AGGRESSIVE;
				CLANG_WARN_UNREACHABLE_CODE = YES;
				CLANG_WARN__DUPLICATE_METHOD_MATCH = YES;
				CODE_SIGN_IDENTITY = "iPhone Developer";
				COPY_PHASE_STRIP = NO;
				DEBUG_INFORMATION_FORMAT = "dwarf-with-dsym";
				ENABLE_NS_ASSERTIONS = NO;
				ENABLE_STRICT_OBJC_MSGSEND = YES;
				GCC_C_LANGUAGE_STANDARD = gnu11;
				GCC_NO_COMMON_BLOCKS = YES;
				GCC_WARN_64_TO_32_BIT_CONVERSION = YES;
				GCC_WARN_ABOUT_RETURN_TYPE = YES_ERROR;
				GCC_WARN_UNDECLARED_SELECTOR = YES;
				GCC_WARN_UNINITIALIZED_AUTOS = YES_AGGRESSIVE;
				GCC_WARN_UNUSED_FUNCTION = YES;
				GCC_WARN_UNUSED_VARIABLE = YES;
				IPHONEOS_DEPLOYMENT_TARGET = 11.4;
				MTL_ENABLE_DEBUG_INFO = NO;
				SDKROOT = iphoneos;
				SWIFT_COMPILATION_MODE = wholemodule;
				SWIFT_OPTIMIZATION_LEVEL = "-O";
				VALIDATE_PRODUCT = YES;
			};
			name = Release;
		};
		9852FB3720DB34B50098F073 /* Debug */ = {
			isa = XCBuildConfiguration;
			buildSettings = {
				ASSETCATALOG_COMPILER_APPICON_NAME = AppIcon;
				CODE_SIGN_STYLE = Automatic;
				INFOPLIST_FILE = gameOfLife/Info.plist;
				LD_RUNPATH_SEARCH_PATHS = (
					"$(inherited)",
					"@executable_path/Frameworks",
				);
				PRODUCT_BUNDLE_IDENTIFIER = com.jacobpashman.gameOfLife;
				PRODUCT_NAME = "$(TARGET_NAME)";
				SWIFT_VERSION = 4.0;
				TARGETED_DEVICE_FAMILY = "1,2";
			};
			name = Debug;
		};
		9852FB3820DB34B50098F073 /* Release */ = {
			isa = XCBuildConfiguration;
			buildSettings = {
				ASSETCATALOG_COMPILER_APPICON_NAME = AppIcon;
				CODE_SIGN_STYLE = Automatic;
				INFOPLIST_FILE = gameOfLife/Info.plist;
				LD_RUNPATH_SEARCH_PATHS = (
					"$(inherited)",
					"@executable_path/Frameworks",
				);
				PRODUCT_BUNDLE_IDENTIFIER = com.jacobpashman.gameOfLife;
				PRODUCT_NAME = "$(TARGET_NAME)";
				SWIFT_VERSION = 4.0;
				TARGETED_DEVICE_FAMILY = "1,2";
			};
			name = Release;
		};
		9852FB3A20DB34B50098F073 /* Debug */ = {
			isa = XCBuildConfiguration;
			buildSettings = {
				ALWAYS_EMBED_SWIFT_STANDARD_LIBRARIES = YES;
				BUNDLE_LOADER = "$(TEST_HOST)";
				CODE_SIGN_STYLE = Automatic;
				INFOPLIST_FILE = gameOfLifeTests/Info.plist;
				LD_RUNPATH_SEARCH_PATHS = (
					"$(inherited)",
					"@executable_path/Frameworks",
					"@loader_path/Frameworks",
				);
				PRODUCT_BUNDLE_IDENTIFIER = com.jacobpashman.gameOfLifeTests;
				PRODUCT_NAME = "$(TARGET_NAME)";
				SWIFT_VERSION = 4.0;
				TARGETED_DEVICE_FAMILY = "1,2";
				TEST_HOST = "$(BUILT_PRODUCTS_DIR)/gameOfLife.app/gameOfLife";
			};
			name = Debug;
		};
		9852FB3B20DB34B50098F073 /* Release */ = {
			isa = XCBuildConfiguration;
			buildSettings = {
				ALWAYS_EMBED_SWIFT_STANDARD_LIBRARIES = YES;
				BUNDLE_LOADER = "$(TEST_HOST)";
				CODE_SIGN_STYLE = Automatic;
				INFOPLIST_FILE = gameOfLifeTests/Info.plist;
				LD_RUNPATH_SEARCH_PATHS = (
					"$(inherited)",
					"@executable_path/Frameworks",
					"@loader_path/Frameworks",
				);
				PRODUCT_BUNDLE_IDENTIFIER = com.jacobpashman.gameOfLifeTests;
				PRODUCT_NAME = "$(TARGET_NAME)";
				SWIFT_VERSION = 4.0;
				TARGETED_DEVICE_FAMILY = "1,2";
				TEST_HOST = "$(BUILT_PRODUCTS_DIR)/gameOfLife.app/gameOfLife";
			};
			name = Release;
		};
		9852FB3D20DB34B50098F073 /* Debug */ = {
			isa = XCBuildConfiguration;
			buildSettings = {
				ALWAYS_EMBED_SWIFT_STANDARD_LIBRARIES = YES;
				CODE_SIGN_STYLE = Automatic;
				INFOPLIST_FILE = gameOfLifeUITests/Info.plist;
				LD_RUNPATH_SEARCH_PATHS = (
					"$(inherited)",
					"@executable_path/Frameworks",
					"@loader_path/Frameworks",
				);
				PRODUCT_BUNDLE_IDENTIFIER = com.jacobpashman.gameOfLifeUITests;
				PRODUCT_NAME = "$(TARGET_NAME)";
				SWIFT_VERSION = 4.0;
				TARGETED_DEVICE_FAMILY = "1,2";
				TEST_TARGET_NAME = gameOfLife;
			};
			name = Debug;
		};
		9852FB3E20DB34B50098F073 /* Release */ = {
			isa = XCBuildConfiguration;
			buildSettings = {
				ALWAYS_EMBED_SWIFT_STANDARD_LIBRARIES = YES;
				CODE_SIGN_STYLE = Automatic;
				INFOPLIST_FILE = gameOfLifeUITests/Info.plist;
				LD_RUNPATH_SEARCH_PATHS = (
					"$(inherited)",
					"@executable_path/Frameworks",
					"@loader_path/Frameworks",
				);
				PRODUCT_BUNDLE_IDENTIFIER = com.jacobpashman.gameOfLifeUITests;
				PRODUCT_NAME = "$(TARGET_NAME)";
				SWIFT_VERSION = 4.0;
				TARGETED_DEVICE_FAMILY = "1,2";
				TEST_TARGET_NAME = gameOfLife;
			};
			name = Release;
		};
/* End XCBuildConfiguration section */

/* Begin XCConfigurationList section */
		9852FB0920DB34B30098F073 /* Build configuration list for PBXProject "gameOfLife" */ = {
			isa = XCConfigurationList;
			buildConfigurations = (
				9852FB3420DB34B50098F073 /* Debug */,
				9852FB3520DB34B50098F073 /* Release */,
			);
			defaultConfigurationIsVisible = 0;
			defaultConfigurationName = Release;
		};
		9852FB3620DB34B50098F073 /* Build configuration list for PBXNativeTarget "gameOfLife" */ = {
			isa = XCConfigurationList;
			buildConfigurations = (
				9852FB3720DB34B50098F073 /* Debug */,
				9852FB3820DB34B50098F073 /* Release */,
			);
			defaultConfigurationIsVisible = 0;
			defaultConfigurationName = Release;
		};
		9852FB3920DB34B50098F073 /* Build configuration list for PBXNativeTarget "gameOfLifeTests" */ = {
			isa = XCConfigurationList;
			buildConfigurations = (
				9852FB3A20DB34B50098F073 /* Debug */,
				9852FB3B20DB34B50098F073 /* Release */,
			);
			defaultConfigurationIsVisible = 0;
			defaultConfigurationName = Release;
		};
		9852FB3C20DB34B50098F073 /* Build configuration list for PBXNativeTarget "gameOfLifeUITests" */ = {
			isa = XCConfigurationList;
			buildConfigurations = (
				9852FB3D20DB34B50098F073 /* Debug */,
				9852FB3E20DB34B50098F073 /* Release */,
			);
			defaultConfigurationIsVisible = 0;
			defaultConfigurationName = Release;
		};
/* End XCConfigurationList section */
	};
	rootObject = 9852FB0620DB34B30098F073 /* Project object */;
}
